
Microsoft Visual Studio Solution File, Format Version 11.00
# Visual Studio 2010
Project("{FAE04EC0-301F-11D3-BF4B-00C04F79EFBC}") = "VS2010AttrDefaultBugFix", "VS2010AttrDefaultBugFix.csproj", "{C44C2FB7-0FA0-45E1-850C-43EC4B85E1F4}"
EndProject
Global
	GlobalSection(SolutionConfigurationPlatforms) = preSolution
		Debug|x86 = Debug|x86
		Release|x86 = Release|x86
	EndGlobalSection
	GlobalSection(ProjectConfigurationPlatforms) = postSolution
		{C44C2FB7-0FA0-45E1-850C-43EC4B85E1F4}.Debug|x86.ActiveCfg = Debug|x86
		{C44C2FB7-0FA0-45E1-850C-43EC4B85E1F4}.Debug|x86.Build.0 = Debug|x86
		{C44C2FB7-0FA0-45E1-850C-43EC4B85E1F4}.Release|x86.ActiveCfg = Release|x86
		{C44C2FB7-0FA0-45E1-850C-43EC4B85E1F4}.Release|x86.Build.0 = Release|x86
	EndGlobalSection
	GlobalSection(SolutionProperties) = preSolution
		HideSolutionNode = FALSE
	EndGlobalSection
EndGlobal
