
Microsoft Visual Studio Solution File, Format Version 12.00
# Visual Studio 14
VisualStudioVersion = 14.0.25420.1
MinimumVisualStudioVersion = 10.0.40219.1
Project("{FAE04EC0-301F-11D3-BF4B-00C04F79EFBC}") = "BuildInstructionExecuter", "BuildInstructionExecuter\BuildInstructionExecuter.csproj", "{8DE60452-E827-4F19-82A4-12D65F333789}"
EndProject
Project("{FAE04EC0-301F-11D3-BF4B-00C04F79EFBC}") = "UtilsLib", "J:\Tools\ToolsDlls\UtilsLib\UtilsLib.csproj", "{14C42471-8456-44F1-8BAC-9F612B9290A2}"
EndProject
Project("{FAE04EC0-301F-11D3-BF4B-00C04F79EFBC}") = "ExcelFileLib", "J:\Tools\ToolsDlls\ExcelFileLib\ExcelFileLib\ExcelFileLib.csproj", "{7C613E70-9E9B-4555-AF4B-6DA22F8416B7}"
EndProject
Global
	GlobalSection(SolutionConfigurationPlatforms) = preSolution
		Debug|Any CPU = Debug|Any CPU
		Release|Any CPU = Release|Any CPU
	EndGlobalSection
	GlobalSection(ProjectConfigurationPlatforms) = postSolution
		{8DE60452-E827-4F19-82A4-12D65F333789}.Debug|Any CPU.ActiveCfg = Debug|Any CPU
		{8DE60452-E827-4F19-82A4-12D65F333789}.Debug|Any CPU.Build.0 = Debug|Any CPU
		{8DE60452-E827-4F19-82A4-12D65F333789}.Release|Any CPU.ActiveCfg = Release|Any CPU
		{8DE60452-E827-4F19-82A4-12D65F333789}.Release|Any CPU.Build.0 = Release|Any CPU
		{14C42471-8456-44F1-8BAC-9F612B9290A2}.Debug|Any CPU.ActiveCfg = Debug|Any CPU
		{14C42471-8456-44F1-8BAC-9F612B9290A2}.Debug|Any CPU.Build.0 = Debug|Any CPU
		{14C42471-8456-44F1-8BAC-9F612B9290A2}.Release|Any CPU.ActiveCfg = Release|Any CPU
		{14C42471-8456-44F1-8BAC-9F612B9290A2}.Release|Any CPU.Build.0 = Release|Any CPU
		{7C613E70-9E9B-4555-AF4B-6DA22F8416B7}.Debug|Any CPU.ActiveCfg = Debug|Any CPU
		{7C613E70-9E9B-4555-AF4B-6DA22F8416B7}.Debug|Any CPU.Build.0 = Debug|Any CPU
		{7C613E70-9E9B-4555-AF4B-6DA22F8416B7}.Release|Any CPU.ActiveCfg = Release|Any CPU
		{7C613E70-9E9B-4555-AF4B-6DA22F8416B7}.Release|Any CPU.Build.0 = Release|Any CPU
	EndGlobalSection
	GlobalSection(SolutionProperties) = preSolution
		HideSolutionNode = FALSE
	EndGlobalSection
EndGlobal
