
Microsoft Visual Studio Solution File, Format Version 12.00
# Visual Studio 14
VisualStudioVersion = 14.0.23107.0
MinimumVisualStudioVersion = 10.0.40219.1
Project("{FAE04EC0-301F-11D3-BF4B-00C04F79EFBC}") = "GCExperiment-2", "GCExperiment-2\GCExperiment-2.csproj", "{202742CC-8FAA-4B36-AEA1-0595B18B41DC}"
EndProject
Project("{FAE04EC0-301F-11D3-BF4B-00C04F79EFBC}") = "Q1", "Q1\Q1.csproj", "{59AB0CCC-86E9-41C2-A62B-F00618055F28}"
EndProject
Global
	GlobalSection(SolutionConfigurationPlatforms) = preSolution
		Debug|Any CPU = Debug|Any CPU
		Release|Any CPU = Release|Any CPU
	EndGlobalSection
	GlobalSection(ProjectConfigurationPlatforms) = postSolution
		{202742CC-8FAA-4B36-AEA1-0595B18B41DC}.Debug|Any CPU.ActiveCfg = Debug|Any CPU
		{202742CC-8FAA-4B36-AEA1-0595B18B41DC}.Debug|Any CPU.Build.0 = Debug|Any CPU
		{202742CC-8FAA-4B36-AEA1-0595B18B41DC}.Release|Any CPU.ActiveCfg = Release|Any CPU
		{202742CC-8FAA-4B36-AEA1-0595B18B41DC}.Release|Any CPU.Build.0 = Release|Any CPU
		{59AB0CCC-86E9-41C2-A62B-F00618055F28}.Debug|Any CPU.ActiveCfg = Debug|Any CPU
		{59AB0CCC-86E9-41C2-A62B-F00618055F28}.Debug|Any CPU.Build.0 = Debug|Any CPU
		{59AB0CCC-86E9-41C2-A62B-F00618055F28}.Release|Any CPU.ActiveCfg = Release|Any CPU
		{59AB0CCC-86E9-41C2-A62B-F00618055F28}.Release|Any CPU.Build.0 = Release|Any CPU
	EndGlobalSection
	GlobalSection(SolutionProperties) = preSolution
		HideSolutionNode = FALSE
	EndGlobalSection
EndGlobal
