
Microsoft Visual Studio Solution File, Format Version 12.00
# Visual Studio 2012
Project("{FAE04EC0-301F-11D3-BF4B-00C04F79EFBC}") = "SerializationCallbacks", "SerializationCallbacks\SerializationCallbacks.csproj", "{C91A12EA-71D6-4B9D-B63B-9CA2B16EAA14}"
EndProject
Global
	GlobalSection(SolutionConfigurationPlatforms) = preSolution
		Debug|Any CPU = Debug|Any CPU
		Release|Any CPU = Release|Any CPU
	EndGlobalSection
	GlobalSection(ProjectConfigurationPlatforms) = postSolution
		{C91A12EA-71D6-4B9D-B63B-9CA2B16EAA14}.Debug|Any CPU.ActiveCfg = Debug|Any CPU
		{C91A12EA-71D6-4B9D-B63B-9CA2B16EAA14}.Debug|Any CPU.Build.0 = Debug|Any CPU
		{C91A12EA-71D6-4B9D-B63B-9CA2B16EAA14}.Release|Any CPU.ActiveCfg = Release|Any CPU
		{C91A12EA-71D6-4B9D-B63B-9CA2B16EAA14}.Release|Any CPU.Build.0 = Release|Any CPU
	EndGlobalSection
	GlobalSection(SolutionProperties) = preSolution
		HideSolutionNode = FALSE
	EndGlobalSection
EndGlobal
