
Microsoft Visual Studio Solution File, Format Version 11.00
# Visual Studio 2010
Project("{FAE04EC0-301F-11D3-BF4B-00C04F79EFBC}") = "WeeklySchedulerExercise", "WeeklySchedulerExercise\WeeklySchedulerExercise.csproj", "{190ACEF0-66FF-4D75-93AC-56132DE5AB3B}"
EndProject
Global
	GlobalSection(SolutionConfigurationPlatforms) = preSolution
		Debug|Any CPU = Debug|Any CPU
		Release|Any CPU = Release|Any CPU
	EndGlobalSection
	GlobalSection(ProjectConfigurationPlatforms) = postSolution
		{190ACEF0-66FF-4D75-93AC-56132DE5AB3B}.Debug|Any CPU.ActiveCfg = Debug|Any CPU
		{190ACEF0-66FF-4D75-93AC-56132DE5AB3B}.Debug|Any CPU.Build.0 = Debug|Any CPU
		{190ACEF0-66FF-4D75-93AC-56132DE5AB3B}.Release|Any CPU.ActiveCfg = Release|Any CPU
		{190ACEF0-66FF-4D75-93AC-56132DE5AB3B}.Release|Any CPU.Build.0 = Release|Any CPU
	EndGlobalSection
	GlobalSection(SolutionProperties) = preSolution
		HideSolutionNode = FALSE
	EndGlobalSection
EndGlobal
