
Microsoft Visual Studio Solution File, Format Version 12.00
# Visual Studio 2012
Project("{FAE04EC0-301F-11D3-BF4B-00C04F79EFBC}") = "RegisterExample", "RegisterExample\RegisterExample.csproj", "{5E3F6BB0-DB23-4179-A1EC-0844EEB94A8A}"
EndProject
Global
	GlobalSection(SolutionConfigurationPlatforms) = preSolution
		Debug|Any CPU = Debug|Any CPU
		Release|Any CPU = Release|Any CPU
	EndGlobalSection
	GlobalSection(ProjectConfigurationPlatforms) = postSolution
		{5E3F6BB0-DB23-4179-A1EC-0844EEB94A8A}.Debug|Any CPU.ActiveCfg = Debug|Any CPU
		{5E3F6BB0-DB23-4179-A1EC-0844EEB94A8A}.Debug|Any CPU.Build.0 = Debug|Any CPU
		{5E3F6BB0-DB23-4179-A1EC-0844EEB94A8A}.Release|Any CPU.ActiveCfg = Release|Any CPU
		{5E3F6BB0-DB23-4179-A1EC-0844EEB94A8A}.Release|Any CPU.Build.0 = Release|Any CPU
	EndGlobalSection
	GlobalSection(SolutionProperties) = preSolution
		HideSolutionNode = FALSE
	EndGlobalSection
EndGlobal
