
Microsoft Visual Studio Solution File, Format Version 12.00
# Visual Studio 14
VisualStudioVersion = 14.0.23107.0
MinimumVisualStudioVersion = 10.0.40219.1
Project("{FAE04EC0-301F-11D3-BF4B-00C04F79EFBC}") = "JsonExample", "JsonExample\JsonExample.csproj", "{5DF8C86F-010E-470D-ADE1-ACD860087615}"
EndProject
Project("{FAE04EC0-301F-11D3-BF4B-00C04F79EFBC}") = "Q1", "Q1\Q1.csproj", "{A9C5FD16-4D8E-40BF-8CCB-8302B26ECC27}"
EndProject
Project("{8BB2217D-0F2D-49D1-97BC-3654ED321F3B}") = "Q2", "Q2\Q2.xproj", "{AF80131D-95EE-4162-936A-A67465B4D521}"
EndProject
Global
	GlobalSection(SolutionConfigurationPlatforms) = preSolution
		Debug|Any CPU = Debug|Any CPU
		Release|Any CPU = Release|Any CPU
	EndGlobalSection
	GlobalSection(ProjectConfigurationPlatforms) = postSolution
		{5DF8C86F-010E-470D-ADE1-ACD860087615}.Debug|Any CPU.ActiveCfg = Debug|Any CPU
		{5DF8C86F-010E-470D-ADE1-ACD860087615}.Debug|Any CPU.Build.0 = Debug|Any CPU
		{5DF8C86F-010E-470D-ADE1-ACD860087615}.Release|Any CPU.ActiveCfg = Release|Any CPU
		{5DF8C86F-010E-470D-ADE1-ACD860087615}.Release|Any CPU.Build.0 = Release|Any CPU
		{A9C5FD16-4D8E-40BF-8CCB-8302B26ECC27}.Debug|Any CPU.ActiveCfg = Debug|Any CPU
		{A9C5FD16-4D8E-40BF-8CCB-8302B26ECC27}.Debug|Any CPU.Build.0 = Debug|Any CPU
		{A9C5FD16-4D8E-40BF-8CCB-8302B26ECC27}.Release|Any CPU.ActiveCfg = Release|Any CPU
		{A9C5FD16-4D8E-40BF-8CCB-8302B26ECC27}.Release|Any CPU.Build.0 = Release|Any CPU
		{AF80131D-95EE-4162-936A-A67465B4D521}.Debug|Any CPU.ActiveCfg = Debug|Any CPU
		{AF80131D-95EE-4162-936A-A67465B4D521}.Debug|Any CPU.Build.0 = Debug|Any CPU
		{AF80131D-95EE-4162-936A-A67465B4D521}.Release|Any CPU.ActiveCfg = Release|Any CPU
		{AF80131D-95EE-4162-936A-A67465B4D521}.Release|Any CPU.Build.0 = Release|Any CPU
	EndGlobalSection
	GlobalSection(SolutionProperties) = preSolution
		HideSolutionNode = FALSE
	EndGlobalSection
EndGlobal
