
Microsoft Visual Studio Solution File, Format Version 12.00
# Visual Studio 14
VisualStudioVersion = 14.0.23107.0
MinimumVisualStudioVersion = 10.0.40219.1
Project("{FAE04EC0-301F-11D3-BF4B-00C04F79EFBC}") = "GC_Notifications", "GC_Notifications\GC_Notifications.csproj", "{0E3F378E-41F9-4CAE-A41A-4266F2C446BE}"
EndProject
Project("{FAE04EC0-301F-11D3-BF4B-00C04F79EFBC}") = "Q1", "Q1\Q1.csproj", "{C6C3BBF9-80C3-4FDA-AAD1-B2DD0252A3F6}"
EndProject
Project("{FAE04EC0-301F-11D3-BF4B-00C04F79EFBC}") = "Q2", "Q2\Q2.csproj", "{09FA8707-1262-4796-BB4A-C8D4572E3104}"
EndProject
Project("{FAE04EC0-301F-11D3-BF4B-00C04F79EFBC}") = "Q3", "Q3\Q3.csproj", "{EE5B7525-7EFD-4BD4-9C5E-43423A19CCBB}"
EndProject
Project("{FAE04EC0-301F-11D3-BF4B-00C04F79EFBC}") = "Q4", "Q4\Q4.csproj", "{3383D0BA-C7BB-4548-9DD9-0F9708BBDFEE}"
EndProject
Project("{FAE04EC0-301F-11D3-BF4B-00C04F79EFBC}") = "Q5", "Q5\Q5.csproj", "{ADB7131F-953A-4091-B8C8-1C61A3C67455}"
EndProject
Project("{FAE04EC0-301F-11D3-BF4B-00C04F79EFBC}") = "Q6", "Q6\Q6.csproj", "{8D98C387-FC8D-48DC-B0CD-4EC70FFBC282}"
EndProject
Project("{FAE04EC0-301F-11D3-BF4B-00C04F79EFBC}") = "Q7", "Q7\Q7.csproj", "{9F5DB47E-6340-4072-9070-E891EBF861B3}"
EndProject
Project("{FAE04EC0-301F-11D3-BF4B-00C04F79EFBC}") = "Q8", "Q8\Q8.csproj", "{1DDE4694-568B-4FBB-93A7-869495B06964}"
EndProject
Project("{FAE04EC0-301F-11D3-BF4B-00C04F79EFBC}") = "Q9", "Q9\Q9.csproj", "{B8E24D4E-5209-431A-919D-930E7D9AFB14}"
EndProject
Project("{FAE04EC0-301F-11D3-BF4B-00C04F79EFBC}") = "Q10", "Q10\Q10.csproj", "{03E85715-9257-4DE8-B3BC-66EB2E92888D}"
EndProject
Project("{FAE04EC0-301F-11D3-BF4B-00C04F79EFBC}") = "Q11", "Q11\Q11.csproj", "{0FCDF91F-CC32-419A-8BDF-E18FF2AE5D52}"
EndProject
Global
	GlobalSection(SolutionConfigurationPlatforms) = preSolution
		Debug|Any CPU = Debug|Any CPU
		Release|Any CPU = Release|Any CPU
	EndGlobalSection
	GlobalSection(ProjectConfigurationPlatforms) = postSolution
		{0E3F378E-41F9-4CAE-A41A-4266F2C446BE}.Debug|Any CPU.ActiveCfg = Debug|Any CPU
		{0E3F378E-41F9-4CAE-A41A-4266F2C446BE}.Debug|Any CPU.Build.0 = Debug|Any CPU
		{0E3F378E-41F9-4CAE-A41A-4266F2C446BE}.Release|Any CPU.ActiveCfg = Release|Any CPU
		{0E3F378E-41F9-4CAE-A41A-4266F2C446BE}.Release|Any CPU.Build.0 = Release|Any CPU
		{C6C3BBF9-80C3-4FDA-AAD1-B2DD0252A3F6}.Debug|Any CPU.ActiveCfg = Debug|Any CPU
		{C6C3BBF9-80C3-4FDA-AAD1-B2DD0252A3F6}.Debug|Any CPU.Build.0 = Debug|Any CPU
		{C6C3BBF9-80C3-4FDA-AAD1-B2DD0252A3F6}.Release|Any CPU.ActiveCfg = Release|Any CPU
		{C6C3BBF9-80C3-4FDA-AAD1-B2DD0252A3F6}.Release|Any CPU.Build.0 = Release|Any CPU
		{09FA8707-1262-4796-BB4A-C8D4572E3104}.Debug|Any CPU.ActiveCfg = Debug|Any CPU
		{09FA8707-1262-4796-BB4A-C8D4572E3104}.Debug|Any CPU.Build.0 = Debug|Any CPU
		{09FA8707-1262-4796-BB4A-C8D4572E3104}.Release|Any CPU.ActiveCfg = Release|Any CPU
		{09FA8707-1262-4796-BB4A-C8D4572E3104}.Release|Any CPU.Build.0 = Release|Any CPU
		{EE5B7525-7EFD-4BD4-9C5E-43423A19CCBB}.Debug|Any CPU.ActiveCfg = Debug|Any CPU
		{EE5B7525-7EFD-4BD4-9C5E-43423A19CCBB}.Debug|Any CPU.Build.0 = Debug|Any CPU
		{EE5B7525-7EFD-4BD4-9C5E-43423A19CCBB}.Release|Any CPU.ActiveCfg = Release|Any CPU
		{EE5B7525-7EFD-4BD4-9C5E-43423A19CCBB}.Release|Any CPU.Build.0 = Release|Any CPU
		{3383D0BA-C7BB-4548-9DD9-0F9708BBDFEE}.Debug|Any CPU.ActiveCfg = Debug|Any CPU
		{3383D0BA-C7BB-4548-9DD9-0F9708BBDFEE}.Debug|Any CPU.Build.0 = Debug|Any CPU
		{3383D0BA-C7BB-4548-9DD9-0F9708BBDFEE}.Release|Any CPU.ActiveCfg = Release|Any CPU
		{3383D0BA-C7BB-4548-9DD9-0F9708BBDFEE}.Release|Any CPU.Build.0 = Release|Any CPU
		{ADB7131F-953A-4091-B8C8-1C61A3C67455}.Debug|Any CPU.ActiveCfg = Debug|Any CPU
		{ADB7131F-953A-4091-B8C8-1C61A3C67455}.Debug|Any CPU.Build.0 = Debug|Any CPU
		{ADB7131F-953A-4091-B8C8-1C61A3C67455}.Release|Any CPU.ActiveCfg = Release|Any CPU
		{ADB7131F-953A-4091-B8C8-1C61A3C67455}.Release|Any CPU.Build.0 = Release|Any CPU
		{8D98C387-FC8D-48DC-B0CD-4EC70FFBC282}.Debug|Any CPU.ActiveCfg = Debug|Any CPU
		{8D98C387-FC8D-48DC-B0CD-4EC70FFBC282}.Debug|Any CPU.Build.0 = Debug|Any CPU
		{8D98C387-FC8D-48DC-B0CD-4EC70FFBC282}.Release|Any CPU.ActiveCfg = Release|Any CPU
		{8D98C387-FC8D-48DC-B0CD-4EC70FFBC282}.Release|Any CPU.Build.0 = Release|Any CPU
		{9F5DB47E-6340-4072-9070-E891EBF861B3}.Debug|Any CPU.ActiveCfg = Debug|Any CPU
		{9F5DB47E-6340-4072-9070-E891EBF861B3}.Debug|Any CPU.Build.0 = Debug|Any CPU
		{9F5DB47E-6340-4072-9070-E891EBF861B3}.Release|Any CPU.ActiveCfg = Release|Any CPU
		{9F5DB47E-6340-4072-9070-E891EBF861B3}.Release|Any CPU.Build.0 = Release|Any CPU
		{1DDE4694-568B-4FBB-93A7-869495B06964}.Debug|Any CPU.ActiveCfg = Debug|Any CPU
		{1DDE4694-568B-4FBB-93A7-869495B06964}.Debug|Any CPU.Build.0 = Debug|Any CPU
		{1DDE4694-568B-4FBB-93A7-869495B06964}.Release|Any CPU.ActiveCfg = Release|Any CPU
		{1DDE4694-568B-4FBB-93A7-869495B06964}.Release|Any CPU.Build.0 = Release|Any CPU
		{B8E24D4E-5209-431A-919D-930E7D9AFB14}.Debug|Any CPU.ActiveCfg = Debug|Any CPU
		{B8E24D4E-5209-431A-919D-930E7D9AFB14}.Debug|Any CPU.Build.0 = Debug|Any CPU
		{B8E24D4E-5209-431A-919D-930E7D9AFB14}.Release|Any CPU.ActiveCfg = Release|Any CPU
		{B8E24D4E-5209-431A-919D-930E7D9AFB14}.Release|Any CPU.Build.0 = Release|Any CPU
		{03E85715-9257-4DE8-B3BC-66EB2E92888D}.Debug|Any CPU.ActiveCfg = Debug|Any CPU
		{03E85715-9257-4DE8-B3BC-66EB2E92888D}.Debug|Any CPU.Build.0 = Debug|Any CPU
		{03E85715-9257-4DE8-B3BC-66EB2E92888D}.Release|Any CPU.ActiveCfg = Release|Any CPU
		{03E85715-9257-4DE8-B3BC-66EB2E92888D}.Release|Any CPU.Build.0 = Release|Any CPU
		{0FCDF91F-CC32-419A-8BDF-E18FF2AE5D52}.Debug|Any CPU.ActiveCfg = Debug|Any CPU
		{0FCDF91F-CC32-419A-8BDF-E18FF2AE5D52}.Debug|Any CPU.Build.0 = Debug|Any CPU
		{0FCDF91F-CC32-419A-8BDF-E18FF2AE5D52}.Release|Any CPU.ActiveCfg = Release|Any CPU
		{0FCDF91F-CC32-419A-8BDF-E18FF2AE5D52}.Release|Any CPU.Build.0 = Release|Any CPU
	EndGlobalSection
	GlobalSection(SolutionProperties) = preSolution
		HideSolutionNode = FALSE
	EndGlobalSection
EndGlobal
