
Microsoft Visual Studio Solution File, Format Version 12.00
# Visual Studio 2012
Project("{FAE04EC0-301F-11D3-BF4B-00C04F79EFBC}") = "CustomSerialization", "CustomSerialization\CustomSerialization.csproj", "{05DBD0C4-833E-4F32-9A63-150990F48A48}"
EndProject
Global
	GlobalSection(SolutionConfigurationPlatforms) = preSolution
		Debug|Any CPU = Debug|Any CPU
		Release|Any CPU = Release|Any CPU
	EndGlobalSection
	GlobalSection(ProjectConfigurationPlatforms) = postSolution
		{05DBD0C4-833E-4F32-9A63-150990F48A48}.Debug|Any CPU.ActiveCfg = Debug|Any CPU
		{05DBD0C4-833E-4F32-9A63-150990F48A48}.Debug|Any CPU.Build.0 = Debug|Any CPU
		{05DBD0C4-833E-4F32-9A63-150990F48A48}.Release|Any CPU.ActiveCfg = Release|Any CPU
		{05DBD0C4-833E-4F32-9A63-150990F48A48}.Release|Any CPU.Build.0 = Release|Any CPU
	EndGlobalSection
	GlobalSection(SolutionProperties) = preSolution
		HideSolutionNode = FALSE
	EndGlobalSection
EndGlobal
