
Microsoft Visual Studio Solution File, Format Version 11.00
# Visual Studio 2010
Project("{FAE04EC0-301F-11D3-BF4B-00C04F79EFBC}") = "MessageBox", "MessageBox\MessageBox.csproj", "{7EC7EC6C-2861-449A-A85B-285A0E86900D}"
EndProject
Global
	GlobalSection(SolutionConfigurationPlatforms) = preSolution
		Debug|Any CPU = Debug|Any CPU
		Release|Any CPU = Release|Any CPU
	EndGlobalSection
	GlobalSection(ProjectConfigurationPlatforms) = postSolution
		{7EC7EC6C-2861-449A-A85B-285A0E86900D}.Debug|Any CPU.ActiveCfg = Debug|Any CPU
		{7EC7EC6C-2861-449A-A85B-285A0E86900D}.Debug|Any CPU.Build.0 = Debug|Any CPU
		{7EC7EC6C-2861-449A-A85B-285A0E86900D}.Release|Any CPU.ActiveCfg = Release|Any CPU
		{7EC7EC6C-2861-449A-A85B-285A0E86900D}.Release|Any CPU.Build.0 = Release|Any CPU
	EndGlobalSection
	GlobalSection(SolutionProperties) = preSolution
		HideSolutionNode = FALSE
	EndGlobalSection
EndGlobal
