
Microsoft Visual Studio Solution File, Format Version 12.00
# Visual Studio 2012
Project("{FAE04EC0-301F-11D3-BF4B-00C04F79EFBC}") = "ExecuteAssemblyExample", "ExecuteAssemblyExample\ExecuteAssemblyExample.csproj", "{231154DB-E756-4FE8-B342-558563E328B0}"
EndProject
Global
	GlobalSection(SolutionConfigurationPlatforms) = preSolution
		Debug|Any CPU = Debug|Any CPU
		Release|Any CPU = Release|Any CPU
	EndGlobalSection
	GlobalSection(ProjectConfigurationPlatforms) = postSolution
		{231154DB-E756-4FE8-B342-558563E328B0}.Debug|Any CPU.ActiveCfg = Debug|Any CPU
		{231154DB-E756-4FE8-B342-558563E328B0}.Debug|Any CPU.Build.0 = Debug|Any CPU
		{231154DB-E756-4FE8-B342-558563E328B0}.Release|Any CPU.ActiveCfg = Release|Any CPU
		{231154DB-E756-4FE8-B342-558563E328B0}.Release|Any CPU.Build.0 = Release|Any CPU
	EndGlobalSection
	GlobalSection(SolutionProperties) = preSolution
		HideSolutionNode = FALSE
	EndGlobalSection
EndGlobal
