
Microsoft Visual Studio Solution File, Format Version 12.00
# Visual Studio 15
VisualStudioVersion = 15.0.26730.15
MinimumVisualStudioVersion = 10.0.40219.1
Project("{FAE04EC0-301F-11D3-BF4B-00C04F79EFBC}") = "ConsoleApplication1", "ConsoleApplication1\ConsoleApplication1.csproj", "{7913AAF5-2F4B-4820-81A5-F9CA6859E6A3}"
EndProject
Project("{FAE04EC0-301F-11D3-BF4B-00C04F79EFBC}") = "ConsoleApplication2", "ConsoleApplication2\ConsoleApplication2.csproj", "{A77D932E-55D2-4D06-8066-8106698266C5}"
EndProject
Project("{FAE04EC0-301F-11D3-BF4B-00C04F79EFBC}") = "ConsoleApplication3", "ConsoleApplication3\ConsoleApplication3.csproj", "{525FB5BD-3108-49DD-9BA6-4AD1F8BC5645}"
EndProject
Project("{FAE04EC0-301F-11D3-BF4B-00C04F79EFBC}") = "Q1", "Q1\Q1.csproj", "{FEB978E2-C005-4CC6-B7A2-6F4B96FC7D07}"
EndProject
Project("{FAE04EC0-301F-11D3-BF4B-00C04F79EFBC}") = "Q2", "Q2\Q2.csproj", "{A3EA54B8-182A-48E4-A9CF-3E18CC40F654}"
EndProject
Project("{FAE04EC0-301F-11D3-BF4B-00C04F79EFBC}") = "Q3", "Q3\Q3.csproj", "{93A0E252-3CAE-4893-B3AF-259DBC33E7F6}"
EndProject
Project("{FAE04EC0-301F-11D3-BF4B-00C04F79EFBC}") = "Q4", "Q4\Q4.csproj", "{8ACBCA2A-153A-43DF-8372-4FDA7EEB8203}"
EndProject
Project("{FAE04EC0-301F-11D3-BF4B-00C04F79EFBC}") = "Q5", "Q5\Q5.csproj", "{3AFD6D1F-FDCD-485F-A769-FAB4B2E90092}"
EndProject
Project("{FAE04EC0-301F-11D3-BF4B-00C04F79EFBC}") = "Q6", "Q6\Q6.csproj", "{920C7092-588F-472B-AC16-2945B4D3F0BC}"
EndProject
Project("{FAE04EC0-301F-11D3-BF4B-00C04F79EFBC}") = "Q7", "Q7\Q7.csproj", "{A1F00DC2-AC81-4E98-8C6F-C5777A9DC070}"
EndProject
Project("{FAE04EC0-301F-11D3-BF4B-00C04F79EFBC}") = "Q8", "Q8\Q8.csproj", "{7A030E4A-DE95-4AB5-8C61-A65613CBF1A0}"
EndProject
Project("{FAE04EC0-301F-11D3-BF4B-00C04F79EFBC}") = "Q9", "Q9\Q9.csproj", "{085CC195-73ED-4DCE-9A96-D0CA89D9D2BB}"
EndProject
Project("{FAE04EC0-301F-11D3-BF4B-00C04F79EFBC}") = "Q10", "Q10\Q10.csproj", "{315B7733-9D92-429D-A4EB-E599CBA38B87}"
EndProject
Project("{FAE04EC0-301F-11D3-BF4B-00C04F79EFBC}") = "Q11", "Q11\Q11.csproj", "{61D99E16-5CFE-450C-A857-B9082821B05A}"
EndProject
Project("{FAE04EC0-301F-11D3-BF4B-00C04F79EFBC}") = "Q12", "Q12\Q12.csproj", "{01C86EF4-FA66-403C-97CA-7075D892C87B}"
EndProject
Project("{FAE04EC0-301F-11D3-BF4B-00C04F79EFBC}") = "Q13", "Q13\Q13.csproj", "{FAF45CBE-7B34-49F1-9A0D-F1C671BBC8B1}"
EndProject
Project("{FAE04EC0-301F-11D3-BF4B-00C04F79EFBC}") = "Q14", "Q14\Q14.csproj", "{4D565C13-5CF5-4FD5-B0C3-573E0D9CC0AE}"
EndProject
Global
	GlobalSection(SolutionConfigurationPlatforms) = preSolution
		Debug|Any CPU = Debug|Any CPU
		Release|Any CPU = Release|Any CPU
	EndGlobalSection
	GlobalSection(ProjectConfigurationPlatforms) = postSolution
		{7913AAF5-2F4B-4820-81A5-F9CA6859E6A3}.Debug|Any CPU.ActiveCfg = Debug|Any CPU
		{7913AAF5-2F4B-4820-81A5-F9CA6859E6A3}.Debug|Any CPU.Build.0 = Debug|Any CPU
		{7913AAF5-2F4B-4820-81A5-F9CA6859E6A3}.Release|Any CPU.ActiveCfg = Release|Any CPU
		{7913AAF5-2F4B-4820-81A5-F9CA6859E6A3}.Release|Any CPU.Build.0 = Release|Any CPU
		{A77D932E-55D2-4D06-8066-8106698266C5}.Debug|Any CPU.ActiveCfg = Debug|Any CPU
		{A77D932E-55D2-4D06-8066-8106698266C5}.Debug|Any CPU.Build.0 = Debug|Any CPU
		{A77D932E-55D2-4D06-8066-8106698266C5}.Release|Any CPU.ActiveCfg = Release|Any CPU
		{A77D932E-55D2-4D06-8066-8106698266C5}.Release|Any CPU.Build.0 = Release|Any CPU
		{525FB5BD-3108-49DD-9BA6-4AD1F8BC5645}.Debug|Any CPU.ActiveCfg = Debug|Any CPU
		{525FB5BD-3108-49DD-9BA6-4AD1F8BC5645}.Debug|Any CPU.Build.0 = Debug|Any CPU
		{525FB5BD-3108-49DD-9BA6-4AD1F8BC5645}.Release|Any CPU.ActiveCfg = Release|Any CPU
		{525FB5BD-3108-49DD-9BA6-4AD1F8BC5645}.Release|Any CPU.Build.0 = Release|Any CPU
		{FEB978E2-C005-4CC6-B7A2-6F4B96FC7D07}.Debug|Any CPU.ActiveCfg = Debug|Any CPU
		{FEB978E2-C005-4CC6-B7A2-6F4B96FC7D07}.Debug|Any CPU.Build.0 = Debug|Any CPU
		{FEB978E2-C005-4CC6-B7A2-6F4B96FC7D07}.Release|Any CPU.ActiveCfg = Release|Any CPU
		{FEB978E2-C005-4CC6-B7A2-6F4B96FC7D07}.Release|Any CPU.Build.0 = Release|Any CPU
		{A3EA54B8-182A-48E4-A9CF-3E18CC40F654}.Debug|Any CPU.ActiveCfg = Debug|Any CPU
		{A3EA54B8-182A-48E4-A9CF-3E18CC40F654}.Debug|Any CPU.Build.0 = Debug|Any CPU
		{A3EA54B8-182A-48E4-A9CF-3E18CC40F654}.Release|Any CPU.ActiveCfg = Release|Any CPU
		{A3EA54B8-182A-48E4-A9CF-3E18CC40F654}.Release|Any CPU.Build.0 = Release|Any CPU
		{93A0E252-3CAE-4893-B3AF-259DBC33E7F6}.Debug|Any CPU.ActiveCfg = Debug|Any CPU
		{93A0E252-3CAE-4893-B3AF-259DBC33E7F6}.Debug|Any CPU.Build.0 = Debug|Any CPU
		{93A0E252-3CAE-4893-B3AF-259DBC33E7F6}.Release|Any CPU.ActiveCfg = Release|Any CPU
		{93A0E252-3CAE-4893-B3AF-259DBC33E7F6}.Release|Any CPU.Build.0 = Release|Any CPU
		{8ACBCA2A-153A-43DF-8372-4FDA7EEB8203}.Debug|Any CPU.ActiveCfg = Debug|Any CPU
		{8ACBCA2A-153A-43DF-8372-4FDA7EEB8203}.Debug|Any CPU.Build.0 = Debug|Any CPU
		{8ACBCA2A-153A-43DF-8372-4FDA7EEB8203}.Release|Any CPU.ActiveCfg = Release|Any CPU
		{8ACBCA2A-153A-43DF-8372-4FDA7EEB8203}.Release|Any CPU.Build.0 = Release|Any CPU
		{3AFD6D1F-FDCD-485F-A769-FAB4B2E90092}.Debug|Any CPU.ActiveCfg = Debug|Any CPU
		{3AFD6D1F-FDCD-485F-A769-FAB4B2E90092}.Debug|Any CPU.Build.0 = Debug|Any CPU
		{3AFD6D1F-FDCD-485F-A769-FAB4B2E90092}.Release|Any CPU.ActiveCfg = Release|Any CPU
		{3AFD6D1F-FDCD-485F-A769-FAB4B2E90092}.Release|Any CPU.Build.0 = Release|Any CPU
		{920C7092-588F-472B-AC16-2945B4D3F0BC}.Debug|Any CPU.ActiveCfg = Debug|Any CPU
		{920C7092-588F-472B-AC16-2945B4D3F0BC}.Debug|Any CPU.Build.0 = Debug|Any CPU
		{920C7092-588F-472B-AC16-2945B4D3F0BC}.Release|Any CPU.ActiveCfg = Release|Any CPU
		{920C7092-588F-472B-AC16-2945B4D3F0BC}.Release|Any CPU.Build.0 = Release|Any CPU
		{A1F00DC2-AC81-4E98-8C6F-C5777A9DC070}.Debug|Any CPU.ActiveCfg = Debug|Any CPU
		{A1F00DC2-AC81-4E98-8C6F-C5777A9DC070}.Debug|Any CPU.Build.0 = Debug|Any CPU
		{A1F00DC2-AC81-4E98-8C6F-C5777A9DC070}.Release|Any CPU.ActiveCfg = Release|Any CPU
		{A1F00DC2-AC81-4E98-8C6F-C5777A9DC070}.Release|Any CPU.Build.0 = Release|Any CPU
		{7A030E4A-DE95-4AB5-8C61-A65613CBF1A0}.Debug|Any CPU.ActiveCfg = Debug|Any CPU
		{7A030E4A-DE95-4AB5-8C61-A65613CBF1A0}.Debug|Any CPU.Build.0 = Debug|Any CPU
		{7A030E4A-DE95-4AB5-8C61-A65613CBF1A0}.Release|Any CPU.ActiveCfg = Release|Any CPU
		{7A030E4A-DE95-4AB5-8C61-A65613CBF1A0}.Release|Any CPU.Build.0 = Release|Any CPU
		{085CC195-73ED-4DCE-9A96-D0CA89D9D2BB}.Debug|Any CPU.ActiveCfg = Debug|Any CPU
		{085CC195-73ED-4DCE-9A96-D0CA89D9D2BB}.Debug|Any CPU.Build.0 = Debug|Any CPU
		{085CC195-73ED-4DCE-9A96-D0CA89D9D2BB}.Release|Any CPU.ActiveCfg = Release|Any CPU
		{085CC195-73ED-4DCE-9A96-D0CA89D9D2BB}.Release|Any CPU.Build.0 = Release|Any CPU
		{315B7733-9D92-429D-A4EB-E599CBA38B87}.Debug|Any CPU.ActiveCfg = Debug|Any CPU
		{315B7733-9D92-429D-A4EB-E599CBA38B87}.Debug|Any CPU.Build.0 = Debug|Any CPU
		{315B7733-9D92-429D-A4EB-E599CBA38B87}.Release|Any CPU.ActiveCfg = Release|Any CPU
		{315B7733-9D92-429D-A4EB-E599CBA38B87}.Release|Any CPU.Build.0 = Release|Any CPU
		{61D99E16-5CFE-450C-A857-B9082821B05A}.Debug|Any CPU.ActiveCfg = Debug|Any CPU
		{61D99E16-5CFE-450C-A857-B9082821B05A}.Debug|Any CPU.Build.0 = Debug|Any CPU
		{61D99E16-5CFE-450C-A857-B9082821B05A}.Release|Any CPU.ActiveCfg = Release|Any CPU
		{61D99E16-5CFE-450C-A857-B9082821B05A}.Release|Any CPU.Build.0 = Release|Any CPU
		{01C86EF4-FA66-403C-97CA-7075D892C87B}.Debug|Any CPU.ActiveCfg = Debug|Any CPU
		{01C86EF4-FA66-403C-97CA-7075D892C87B}.Debug|Any CPU.Build.0 = Debug|Any CPU
		{01C86EF4-FA66-403C-97CA-7075D892C87B}.Release|Any CPU.ActiveCfg = Release|Any CPU
		{01C86EF4-FA66-403C-97CA-7075D892C87B}.Release|Any CPU.Build.0 = Release|Any CPU
		{FAF45CBE-7B34-49F1-9A0D-F1C671BBC8B1}.Debug|Any CPU.ActiveCfg = Debug|Any CPU
		{FAF45CBE-7B34-49F1-9A0D-F1C671BBC8B1}.Debug|Any CPU.Build.0 = Debug|Any CPU
		{FAF45CBE-7B34-49F1-9A0D-F1C671BBC8B1}.Release|Any CPU.ActiveCfg = Release|Any CPU
		{FAF45CBE-7B34-49F1-9A0D-F1C671BBC8B1}.Release|Any CPU.Build.0 = Release|Any CPU
		{4D565C13-5CF5-4FD5-B0C3-573E0D9CC0AE}.Debug|Any CPU.ActiveCfg = Debug|Any CPU
		{4D565C13-5CF5-4FD5-B0C3-573E0D9CC0AE}.Debug|Any CPU.Build.0 = Debug|Any CPU
		{4D565C13-5CF5-4FD5-B0C3-573E0D9CC0AE}.Release|Any CPU.ActiveCfg = Release|Any CPU
		{4D565C13-5CF5-4FD5-B0C3-573E0D9CC0AE}.Release|Any CPU.Build.0 = Release|Any CPU
	EndGlobalSection
	GlobalSection(SolutionProperties) = preSolution
		HideSolutionNode = FALSE
	EndGlobalSection
	GlobalSection(ExtensibilityGlobals) = postSolution
		SolutionGuid = {630F16F0-E40E-4004-9B7D-9F8858D6DD73}
	EndGlobalSection
EndGlobal
