
Microsoft Visual Studio Solution File, Format Version 12.00
# Visual Studio 2012
Project("{FAE04EC0-301F-11D3-BF4B-00C04F79EFBC}") = "MonitorExample", "MonitorExample\MonitorExample.csproj", "{707DA67A-B1C6-4F6E-A0FF-9CC0AA87714A}"
EndProject
Global
	GlobalSection(SolutionConfigurationPlatforms) = preSolution
		Debug|Any CPU = Debug|Any CPU
		Release|Any CPU = Release|Any CPU
	EndGlobalSection
	GlobalSection(ProjectConfigurationPlatforms) = postSolution
		{707DA67A-B1C6-4F6E-A0FF-9CC0AA87714A}.Debug|Any CPU.ActiveCfg = Debug|Any CPU
		{707DA67A-B1C6-4F6E-A0FF-9CC0AA87714A}.Debug|Any CPU.Build.0 = Debug|Any CPU
		{707DA67A-B1C6-4F6E-A0FF-9CC0AA87714A}.Release|Any CPU.ActiveCfg = Release|Any CPU
		{707DA67A-B1C6-4F6E-A0FF-9CC0AA87714A}.Release|Any CPU.Build.0 = Release|Any CPU
	EndGlobalSection
	GlobalSection(SolutionProperties) = preSolution
		HideSolutionNode = FALSE
	EndGlobalSection
EndGlobal
