
Microsoft Visual Studio Solution File, Format Version 12.00
# Visual Studio 14
VisualStudioVersion = 14.0.25420.1
MinimumVisualStudioVersion = 10.0.40219.1
Project("{FAE04EC0-301F-11D3-BF4B-00C04F79EFBC}") = "MultiThreadStack", "CsharpTest\MultiThreadStack.csproj", "{ED173691-B312-4179-937C-B895C9CC6FE2}"
EndProject
Project("{FAE04EC0-301F-11D3-BF4B-00C04F79EFBC}") = "MatrixSumBenchmarkCsharp", "MatrixSumBenchmark\MatrixSumBenchmarkCsharp.csproj", "{117AE364-DFE9-4814-BDF5-3BE9FD8EC853}"
EndProject
Project("{FAE04EC0-301F-11D3-BF4B-00C04F79EFBC}") = "UtilsLib", "Utils\UtilsLib.csproj", "{F84B7ED2-B1C6-49A1-BF3B-8AE6048FF624}"
EndProject
Project("{8BC9CEB8-8B4A-11D0-8D11-00A0C91BC942}") = "MatrixSumBenchmarkCpp", "MatrixSumBenchmarkCpp\MatrixSumBenchmarkCpp.vcxproj", "{97B063A5-3E6B-438D-88C7-CBB30B8352BE}"
EndProject
Project("{FAE04EC0-301F-11D3-BF4B-00C04F79EFBC}") = "CsharpTests", "CsharpTests\CsharpTests.csproj", "{CDB7D1B5-7B51-4FF7-8E41-408EA38E2F98}"
EndProject
Project("{FAE04EC0-301F-11D3-BF4B-00C04F79EFBC}") = "SwapBufferApp", "SwapBufferApp\SwapBufferApp.csproj", "{2321ADC2-4948-4408-98A9-24747BA8C5BE}"
EndProject
Global
	GlobalSection(SolutionConfigurationPlatforms) = preSolution
		Debug|Any CPU = Debug|Any CPU
		Debug|ARM = Debug|ARM
		Debug|x64 = Debug|x64
		Debug|x86 = Debug|x86
		Release|Any CPU = Release|Any CPU
		Release|ARM = Release|ARM
		Release|x64 = Release|x64
		Release|x86 = Release|x86
	EndGlobalSection
	GlobalSection(ProjectConfigurationPlatforms) = postSolution
		{ED173691-B312-4179-937C-B895C9CC6FE2}.Debug|Any CPU.ActiveCfg = Debug|Any CPU
		{ED173691-B312-4179-937C-B895C9CC6FE2}.Debug|Any CPU.Build.0 = Debug|Any CPU
		{ED173691-B312-4179-937C-B895C9CC6FE2}.Debug|ARM.ActiveCfg = Debug|Any CPU
		{ED173691-B312-4179-937C-B895C9CC6FE2}.Debug|ARM.Build.0 = Debug|Any CPU
		{ED173691-B312-4179-937C-B895C9CC6FE2}.Debug|x64.ActiveCfg = Debug|Any CPU
		{ED173691-B312-4179-937C-B895C9CC6FE2}.Debug|x64.Build.0 = Debug|Any CPU
		{ED173691-B312-4179-937C-B895C9CC6FE2}.Debug|x86.ActiveCfg = Debug|Any CPU
		{ED173691-B312-4179-937C-B895C9CC6FE2}.Debug|x86.Build.0 = Debug|Any CPU
		{ED173691-B312-4179-937C-B895C9CC6FE2}.Release|Any CPU.ActiveCfg = Release|Any CPU
		{ED173691-B312-4179-937C-B895C9CC6FE2}.Release|Any CPU.Build.0 = Release|Any CPU
		{ED173691-B312-4179-937C-B895C9CC6FE2}.Release|ARM.ActiveCfg = Release|Any CPU
		{ED173691-B312-4179-937C-B895C9CC6FE2}.Release|ARM.Build.0 = Release|Any CPU
		{ED173691-B312-4179-937C-B895C9CC6FE2}.Release|x64.ActiveCfg = Release|Any CPU
		{ED173691-B312-4179-937C-B895C9CC6FE2}.Release|x64.Build.0 = Release|Any CPU
		{ED173691-B312-4179-937C-B895C9CC6FE2}.Release|x86.ActiveCfg = Release|Any CPU
		{ED173691-B312-4179-937C-B895C9CC6FE2}.Release|x86.Build.0 = Release|Any CPU
		{117AE364-DFE9-4814-BDF5-3BE9FD8EC853}.Debug|Any CPU.ActiveCfg = Debug|Any CPU
		{117AE364-DFE9-4814-BDF5-3BE9FD8EC853}.Debug|Any CPU.Build.0 = Debug|Any CPU
		{117AE364-DFE9-4814-BDF5-3BE9FD8EC853}.Debug|ARM.ActiveCfg = Debug|Any CPU
		{117AE364-DFE9-4814-BDF5-3BE9FD8EC853}.Debug|ARM.Build.0 = Debug|Any CPU
		{117AE364-DFE9-4814-BDF5-3BE9FD8EC853}.Debug|x64.ActiveCfg = Debug|Any CPU
		{117AE364-DFE9-4814-BDF5-3BE9FD8EC853}.Debug|x64.Build.0 = Debug|Any CPU
		{117AE364-DFE9-4814-BDF5-3BE9FD8EC853}.Debug|x86.ActiveCfg = Debug|Any CPU
		{117AE364-DFE9-4814-BDF5-3BE9FD8EC853}.Debug|x86.Build.0 = Debug|Any CPU
		{117AE364-DFE9-4814-BDF5-3BE9FD8EC853}.Release|Any CPU.ActiveCfg = Release|Any CPU
		{117AE364-DFE9-4814-BDF5-3BE9FD8EC853}.Release|Any CPU.Build.0 = Release|Any CPU
		{117AE364-DFE9-4814-BDF5-3BE9FD8EC853}.Release|ARM.ActiveCfg = Release|Any CPU
		{117AE364-DFE9-4814-BDF5-3BE9FD8EC853}.Release|ARM.Build.0 = Release|Any CPU
		{117AE364-DFE9-4814-BDF5-3BE9FD8EC853}.Release|x64.ActiveCfg = Release|Any CPU
		{117AE364-DFE9-4814-BDF5-3BE9FD8EC853}.Release|x64.Build.0 = Release|Any CPU
		{117AE364-DFE9-4814-BDF5-3BE9FD8EC853}.Release|x86.ActiveCfg = Release|Any CPU
		{117AE364-DFE9-4814-BDF5-3BE9FD8EC853}.Release|x86.Build.0 = Release|Any CPU
		{F84B7ED2-B1C6-49A1-BF3B-8AE6048FF624}.Debug|Any CPU.ActiveCfg = Debug|Any CPU
		{F84B7ED2-B1C6-49A1-BF3B-8AE6048FF624}.Debug|Any CPU.Build.0 = Debug|Any CPU
		{F84B7ED2-B1C6-49A1-BF3B-8AE6048FF624}.Debug|ARM.ActiveCfg = Debug|Any CPU
		{F84B7ED2-B1C6-49A1-BF3B-8AE6048FF624}.Debug|ARM.Build.0 = Debug|Any CPU
		{F84B7ED2-B1C6-49A1-BF3B-8AE6048FF624}.Debug|x64.ActiveCfg = Debug|Any CPU
		{F84B7ED2-B1C6-49A1-BF3B-8AE6048FF624}.Debug|x64.Build.0 = Debug|Any CPU
		{F84B7ED2-B1C6-49A1-BF3B-8AE6048FF624}.Debug|x86.ActiveCfg = Debug|Any CPU
		{F84B7ED2-B1C6-49A1-BF3B-8AE6048FF624}.Debug|x86.Build.0 = Debug|Any CPU
		{F84B7ED2-B1C6-49A1-BF3B-8AE6048FF624}.Release|Any CPU.ActiveCfg = Release|Any CPU
		{F84B7ED2-B1C6-49A1-BF3B-8AE6048FF624}.Release|Any CPU.Build.0 = Release|Any CPU
		{F84B7ED2-B1C6-49A1-BF3B-8AE6048FF624}.Release|ARM.ActiveCfg = Release|Any CPU
		{F84B7ED2-B1C6-49A1-BF3B-8AE6048FF624}.Release|ARM.Build.0 = Release|Any CPU
		{F84B7ED2-B1C6-49A1-BF3B-8AE6048FF624}.Release|x64.ActiveCfg = Release|Any CPU
		{F84B7ED2-B1C6-49A1-BF3B-8AE6048FF624}.Release|x64.Build.0 = Release|Any CPU
		{F84B7ED2-B1C6-49A1-BF3B-8AE6048FF624}.Release|x86.ActiveCfg = Release|Any CPU
		{F84B7ED2-B1C6-49A1-BF3B-8AE6048FF624}.Release|x86.Build.0 = Release|Any CPU
		{97B063A5-3E6B-438D-88C7-CBB30B8352BE}.Debug|Any CPU.ActiveCfg = Debug|Win32
		{97B063A5-3E6B-438D-88C7-CBB30B8352BE}.Debug|ARM.ActiveCfg = Debug|Win32
		{97B063A5-3E6B-438D-88C7-CBB30B8352BE}.Debug|x64.ActiveCfg = Debug|x64
		{97B063A5-3E6B-438D-88C7-CBB30B8352BE}.Debug|x64.Build.0 = Debug|x64
		{97B063A5-3E6B-438D-88C7-CBB30B8352BE}.Debug|x86.ActiveCfg = Debug|Win32
		{97B063A5-3E6B-438D-88C7-CBB30B8352BE}.Debug|x86.Build.0 = Debug|Win32
		{97B063A5-3E6B-438D-88C7-CBB30B8352BE}.Release|Any CPU.ActiveCfg = Release|Win32
		{97B063A5-3E6B-438D-88C7-CBB30B8352BE}.Release|ARM.ActiveCfg = Release|Win32
		{97B063A5-3E6B-438D-88C7-CBB30B8352BE}.Release|x64.ActiveCfg = Release|x64
		{97B063A5-3E6B-438D-88C7-CBB30B8352BE}.Release|x64.Build.0 = Release|x64
		{97B063A5-3E6B-438D-88C7-CBB30B8352BE}.Release|x86.ActiveCfg = Release|Win32
		{97B063A5-3E6B-438D-88C7-CBB30B8352BE}.Release|x86.Build.0 = Release|Win32
		{CDB7D1B5-7B51-4FF7-8E41-408EA38E2F98}.Debug|Any CPU.ActiveCfg = Debug|Any CPU
		{CDB7D1B5-7B51-4FF7-8E41-408EA38E2F98}.Debug|Any CPU.Build.0 = Debug|Any CPU
		{CDB7D1B5-7B51-4FF7-8E41-408EA38E2F98}.Debug|ARM.ActiveCfg = Debug|Any CPU
		{CDB7D1B5-7B51-4FF7-8E41-408EA38E2F98}.Debug|ARM.Build.0 = Debug|Any CPU
		{CDB7D1B5-7B51-4FF7-8E41-408EA38E2F98}.Debug|x64.ActiveCfg = Debug|Any CPU
		{CDB7D1B5-7B51-4FF7-8E41-408EA38E2F98}.Debug|x64.Build.0 = Debug|Any CPU
		{CDB7D1B5-7B51-4FF7-8E41-408EA38E2F98}.Debug|x86.ActiveCfg = Debug|Any CPU
		{CDB7D1B5-7B51-4FF7-8E41-408EA38E2F98}.Debug|x86.Build.0 = Debug|Any CPU
		{CDB7D1B5-7B51-4FF7-8E41-408EA38E2F98}.Release|Any CPU.ActiveCfg = Release|Any CPU
		{CDB7D1B5-7B51-4FF7-8E41-408EA38E2F98}.Release|Any CPU.Build.0 = Release|Any CPU
		{CDB7D1B5-7B51-4FF7-8E41-408EA38E2F98}.Release|ARM.ActiveCfg = Release|Any CPU
		{CDB7D1B5-7B51-4FF7-8E41-408EA38E2F98}.Release|ARM.Build.0 = Release|Any CPU
		{CDB7D1B5-7B51-4FF7-8E41-408EA38E2F98}.Release|x64.ActiveCfg = Release|Any CPU
		{CDB7D1B5-7B51-4FF7-8E41-408EA38E2F98}.Release|x64.Build.0 = Release|Any CPU
		{CDB7D1B5-7B51-4FF7-8E41-408EA38E2F98}.Release|x86.ActiveCfg = Release|Any CPU
		{CDB7D1B5-7B51-4FF7-8E41-408EA38E2F98}.Release|x86.Build.0 = Release|Any CPU
		{2321ADC2-4948-4408-98A9-24747BA8C5BE}.Debug|Any CPU.ActiveCfg = Debug|Any CPU
		{2321ADC2-4948-4408-98A9-24747BA8C5BE}.Debug|Any CPU.Build.0 = Debug|Any CPU
		{2321ADC2-4948-4408-98A9-24747BA8C5BE}.Debug|ARM.ActiveCfg = Debug|Any CPU
		{2321ADC2-4948-4408-98A9-24747BA8C5BE}.Debug|ARM.Build.0 = Debug|Any CPU
		{2321ADC2-4948-4408-98A9-24747BA8C5BE}.Debug|x64.ActiveCfg = Debug|Any CPU
		{2321ADC2-4948-4408-98A9-24747BA8C5BE}.Debug|x64.Build.0 = Debug|Any CPU
		{2321ADC2-4948-4408-98A9-24747BA8C5BE}.Debug|x86.ActiveCfg = Debug|Any CPU
		{2321ADC2-4948-4408-98A9-24747BA8C5BE}.Debug|x86.Build.0 = Debug|Any CPU
		{2321ADC2-4948-4408-98A9-24747BA8C5BE}.Release|Any CPU.ActiveCfg = Release|Any CPU
		{2321ADC2-4948-4408-98A9-24747BA8C5BE}.Release|Any CPU.Build.0 = Release|Any CPU
		{2321ADC2-4948-4408-98A9-24747BA8C5BE}.Release|ARM.ActiveCfg = Release|Any CPU
		{2321ADC2-4948-4408-98A9-24747BA8C5BE}.Release|ARM.Build.0 = Release|Any CPU
		{2321ADC2-4948-4408-98A9-24747BA8C5BE}.Release|x64.ActiveCfg = Release|Any CPU
		{2321ADC2-4948-4408-98A9-24747BA8C5BE}.Release|x64.Build.0 = Release|Any CPU
		{2321ADC2-4948-4408-98A9-24747BA8C5BE}.Release|x86.ActiveCfg = Release|Any CPU
		{2321ADC2-4948-4408-98A9-24747BA8C5BE}.Release|x86.Build.0 = Release|Any CPU
	EndGlobalSection
	GlobalSection(SolutionProperties) = preSolution
		HideSolutionNode = FALSE
	EndGlobalSection
EndGlobal
